// !$*UTF8*$!
{
	archiveVersion = 1;
	classes = {
	};
	objectVersion = 77;
	objects = {

/* Begin PBXContainerItemProxy section */
		573DD3D42E4FA460002C552F /* PBXContainerItemProxy */ = {
			isa = PBXContainerItemProxy;
			containerPortal = 573DD3B52E4FA45E002C552F /* Project object */;
			proxyType = 1;
			remoteGlobalIDString = 573DD3BC2E4FA45E002C552F;
			remoteInfo = BestRecipe;
		};
		573DD3DE2E4FA460002C552F /* PBXContainerItemProxy */ = {
			isa = PBXContainerItemProxy;
			containerPortal = 573DD3B52E4FA45E002C552F /* Project object */;
			proxyType = 1;
			remoteGlobalIDString = 573DD3BC2E4FA45E002C552F;
			remoteInfo = BestRecipe;
		};
/* End PBXContainerItemProxy section */

/* Begin PBXFileReference section */
		573DD3BD2E4FA45E002C552F /* BestRecipe.app */ = {isa = PBXFileReference; explicitFileType = wrapper.application; includeInIndex = 0; path = BestRecipe.app; sourceTree = BUILT_PRODUCTS_DIR; };
		573DD3D32E4FA460002C552F /* BestRecipeTests.xctest */ = {isa = PBXFileReference; explicitFileType = wrapper.cfbundle; includeInIndex = 0; path = BestRecipeTests.xctest; sourceTree = BUILT_PRODUCTS_DIR; };
		573DD3DD2E4FA460002C552F /* BestRecipeUITests.xctest */ = {isa = PBXFileReference; explicitFileType = wrapper.cfbundle; includeInIndex = 0; path = BestRecipeUITests.xctest; sourceTree = BUILT_PRODUCTS_DIR; };
/* End PBXFileReference section */

/* Begin PBXFileSystemSynchronizedBuildFileExceptionSet section */
		573DD3E52E4FA460002C552F /* Exceptions for "BestRecipe" folder in "BestRecipe" target */ = {
			isa = PBXFileSystemSynchronizedBuildFileExceptionSet;
			membershipExceptions = (
				Info.plist,
			);
			target = 573DD3BC2E4FA45E002C552F /* BestRecipe */;
		};
/* End PBXFileSystemSynchronizedBuildFileExceptionSet section */

/* Begin PBXFileSystemSynchronizedRootGroup section */
		573DD3BF2E4FA45E002C552F /* BestRecipe */ = {
			isa = PBXFileSystemSynchronizedRootGroup;
			exceptions = (
				573DD3E52E4FA460002C552F /* Exceptions for "BestRecipe" folder in "BestRecipe" target */,
			);
			path = BestRecipe;
			sourceTree = "<group>";
		};
		573DD3D62E4FA460002C552F /* BestRecipeTests */ = {
			isa = PBXFileSystemSynchronizedRootGroup;
			path = BestRecipeTests;
			sourceTree = "<group>";
		};
		573DD3E02E4FA460002C552F /* BestRecipeUITests */ = {
			isa = PBXFileSystemSynchronizedRootGroup;
			path = BestRecipeUITests;
			sourceTree = "<group>";
		};
/* End PBXFileSystemSynchronizedRootGroup section */

/* Begin PBXFrameworksBuildPhase section */
		573DD3BA2E4FA45E002C552F /* Frameworks */ = {
			isa = PBXFrameworksBuildPhase;
			buildActionMask = 2147483647;
			files = (
			);
			runOnlyForDeploymentPostprocessing = 0;
		};
		573DD3D02E4FA460002C552F /* Frameworks */ = {
			isa = PBXFrameworksBuildPhase;
			buildActionMask = 2147483647;
			files = (
			);
			runOnlyForDeploymentPostprocessing = 0;
		};
		573DD3DA2E4FA460002C552F /* Frameworks */ = {
			isa = PBXFrameworksBuildPhase;
			buildActionMask = 2147483647;
			files = (
			);
			runOnlyForDeploymentPostprocessing = 0;
		};
/* End PBXFrameworksBuildPhase section */

/* Begin PBXGroup section */
		573DD3B42E4FA45E002C552F = {
			isa = PBXGroup;
			children = (
				573DD3BF2E4FA45E002C552F /* BestRecipe */,
				573DD3D62E4FA460002C552F /* BestRecipeTests */,
				573DD3E02E4FA460002C552F /* BestRecipeUITests */,
				573DD3BE2E4FA45E002C552F /* Products */,
			);
			sourceTree = "<group>";
		};
		573DD3BE2E4FA45E002C552F /* Products */ = {
			isa = PBXGroup;
			children = (
				573DD3BD2E4FA45E002C552F /* BestRecipe.app */,
				573DD3D32E4FA460002C552F /* BestRecipeTests.xctest */,
				573DD3DD2E4FA460002C552F /* BestRecipeUITests.xctest */,
			);
			name = Products;
			sourceTree = "<group>";
		};
/* End PBXGroup section */

/* Begin PBXNativeTarget section */
		573DD3BC2E4FA45E002C552F /* BestRecipe */ = {
			isa = PBXNativeTarget;
			buildConfigurationList = 573DD3E62E4FA460002C552F /* Build configuration list for PBXNativeTarget "BestRecipe" */;
			buildPhases = (
				573DD3B92E4FA45E002C552F /* Sources */,
				573DD3BA2E4FA45E002C552F /* Frameworks */,
				573DD3BB2E4FA45E002C552F /* Resources */,
			);
			buildRules = (
			);
			dependencies = (
			);
			fileSystemSynchronizedGroups = (
				573DD3BF2E4FA45E002C552F /* BestRecipe */,
			);
			name = BestRecipe;
			packageProductDependencies = (
			);
			productName = BestRecipe;
			productReference = 573DD3BD2E4FA45E002C552F /* BestRecipe.app */;
			productType = "com.apple.product-type.application";
		};
		573DD3D22E4FA460002C552F /* BestRecipeTests */ = {
			isa = PBXNativeTarget;
			buildConfigurationList = 573DD3EB2E4FA460002C552F /* Build configuration list for PBXNativeTarget "BestRecipeTests" */;
			buildPhases = (
				573DD3CF2E4FA460002C552F /* Sources */,
				573DD3D02E4FA460002C552F /* Frameworks */,
				573DD3D12E4FA460002C552F /* Resources */,
			);
			buildRules = (
			);
			dependencies = (
				573DD3D52E4FA460002C552F /* PBXTargetDependency */,
			);
			fileSystemSynchronizedGroups = (
				573DD3D62E4FA460002C552F /* BestRecipeTests */,
			);
			name = BestRecipeTests;
			packageProductDependencies = (
			);
			productName = BestRecipeTests;
			productReference = 573DD3D32E4FA460002C552F /* BestRecipeTests.xctest */;
			productType = "com.apple.product-type.bundle.unit-test";
		};
		573DD3DC2E4FA460002C552F /* BestRecipeUITests */ = {
			isa = PBXNativeTarget;
			buildConfigurationList = 573DD3EE2E4FA460002C552F /* Build configuration list for PBXNativeTarget "BestRecipeUITests" */;
			buildPhases = (
				573DD3D92E4FA460002C552F /* Sources */,
				573DD3DA2E4FA460002C552F /* Frameworks */,
				573DD3DB2E4FA460002C552F /* Resources */,
			);
			buildRules = (
			);
			dependencies = (
				573DD3DF2E4FA460002C552F /* PBXTargetDependency */,
			);
			fileSystemSynchronizedGroups = (
				573DD3E02E4FA460002C552F /* BestRecipeUITests */,
			);
			name = BestRecipeUITests;
			packageProductDependencies = (
			);
			productName = BestRecipeUITests;
			productReference = 573DD3DD2E4FA460002C552F /* BestRecipeUITests.xctest */;
			productType = "com.apple.product-type.bundle.ui-testing";
		};
/* End PBXNativeTarget section */

/* Begin PBXProject section */
		573DD3B52E4FA45E002C552F /* Project object */ = {
			isa = PBXProject;
			attributes = {
				BuildIndependentTargetsInParallel = 1;
				LastSwiftUpdateCheck = 1640;
				LastUpgradeCheck = 1640;
				TargetAttributes = {
					573DD3BC2E4FA45E002C552F = {
						CreatedOnToolsVersion = 16.4;
					};
					573DD3D22E4FA460002C552F = {
						CreatedOnToolsVersion = 16.4;
						TestTargetID = 573DD3BC2E4FA45E002C552F;
					};
					573DD3DC2E4FA460002C552F = {
						CreatedOnToolsVersion = 16.4;
						TestTargetID = 573DD3BC2E4FA45E002C552F;
					};
				};
			};
			buildConfigurationList = 573DD3B82E4FA45E002C552F /* Build configuration list for PBXProject "BestRecipe" */;
			developmentRegion = en;
			hasScannedForEncodings = 0;
			knownRegions = (
				en,
				Base,
			);
			mainGroup = 573DD3B42E4FA45E002C552F;
			minimizedProjectReferenceProxies = 1;
			preferredProjectObjectVersion = 77;
			productRefGroup = 573DD3BE2E4FA45E002C552F /* Products */;
			projectDirPath = "";
			projectRoot = "";
			targets = (
				573DD3BC2E4FA45E002C552F /* BestRecipe */,
				573DD3D22E4FA460002C552F /* BestRecipeTests */,
				573DD3DC2E4FA460002C552F /* BestRecipeUITests */,
			);
		};
/* End PBXProject section */

/* Begin PBXResourcesBuildPhase section */
		573DD3BB2E4FA45E002C552F /* Resources */ = {
			isa = PBXResourcesBuildPhase;
			buildActionMask = 2147483647;
			files = (
			);
			runOnlyForDeploymentPostprocessing = 0;
		};
		573DD3D12E4FA460002C552F /* Resources */ = {
			isa = PBXResourcesBuildPhase;
			buildActionMask = 2147483647;
			files = (
			);
			runOnlyForDeploymentPostprocessing = 0;
		};
		573DD3DB2E4FA460002C552F /* Resources */ = {
			isa = PBXResourcesBuildPhase;
			buildActionMask = 2147483647;
			files = (
			);
			runOnlyForDeploymentPostprocessing = 0;
		};
/* End PBXResourcesBuildPhase section */

/* Begin PBXSourcesBuildPhase section */
		573DD3B92E4FA45E002C552F /* Sources */ = {
			isa = PBXSourcesBuildPhase;
			buildActionMask = 2147483647;
			files = (
			);
			runOnlyForDeploymentPostprocessing = 0;
		};
		573DD3CF2E4FA460002C552F /* Sources */ = {
			isa = PBXSourcesBuildPhase;
			buildActionMask = 2147483647;
			files = (
			);
			runOnlyForDeploymentPostprocessing = 0;
		};
		573DD3D92E4FA460002C552F /* Sources */ = {
			isa = PBXSourcesBuildPhase;
			buildActionMask = 2147483647;
			files = (
			);
			runOnlyForDeploymentPostprocessing = 0;
		};
/* End PBXSourcesBuildPhase section */

/* Begin PBXTargetDependency section */
		573DD3D52E4FA460002C552F /* PBXTargetDependency */ = {
			isa = PBXTargetDependency;
			target = 573DD3BC2E4FA45E002C552F /* BestRecipe */;
			targetProxy = 573DD3D42E4FA460002C552F /* PBXContainerItemProxy */;
		};
		573DD3DF2E4FA460002C552F /* PBXTargetDependency */ = {
			isa = PBXTargetDependency;
			target = 573DD3BC2E4FA45E002C552F /* BestRecipe */;
			targetProxy = 573DD3DE2E4FA460002C552F /* PBXContainerItemProxy */;
		};
/* End PBXTargetDependency section */

/* Begin XCBuildConfiguration section */
		573DD3E72E4FA460002C552F /* Debug */ = {
			isa = XCBuildConfiguration;
			buildSettings = {
				ASSETCATALOG_COMPILER_APPICON_NAME = AppIcon;
				ASSETCATALOG_COMPILER_GLOBAL_ACCENT_COLOR_NAME = AccentColor;
				CODE_SIGN_STYLE = Automatic;
				CURRENT_PROJECT_VERSION = 1;
				GENERATE_INFOPLIST_FILE = YES;
				INFOPLIST_FILE = BestRecipe/Info.plist;
				INFOPLIST_KEY_UIApplicationSupportsIndirectInputEvents = YES;
				INFOPLIST_KEY_UILaunchStoryboardName = LaunchScreen;
				INFOPLIST_KEY_UISupportedInterfaceOrientations_iPad = "UIInterfaceOrientationPortrait UIInterfaceOrientationPortraitUpsideDown UIInterfaceOrientationLandscapeLeft UIInterfaceOrientationLandscapeRight";
				INFOPLIST_KEY_UISupportedInterfaceOrientations_iPhone = "UIInterfaceOrientationPortrait UIInterfaceOrientationLandscapeLeft UIInterfaceOrientationLandscapeRight";
				LD_RUNPATH_SEARCH_PATHS = (
					"$(inherited)",
					"@executable_path/Frameworks",
				);
				MARKETING_VERSION = 1.0;
				PRODUCT_BUNDLE_IDENTIFIER = BManuchehri.BestRecipe;
				PRODUCT_NAME = "$(TARGET_NAME)";
				SUPPORTED_PLATFORMS = "iphoneos iphonesimulator";
				SUPPORTS_MACCATALYST = NO;
				SUPPORTS_MAC_DESIGNED_FOR_IPHONE_IPAD = NO;
				SUPPORTS_XR_DESIGNED_FOR_IPHONE_IPAD = NO;
				SWIFT_EMIT_LOC_STRINGS = YES;
				SWIFT_VERSION = 5.0;
				TARGETED_DEVICE_FAMILY = 1;
			};
			name = Debug;
		};
		573DD3E82E4FA460002C552F /* Release */ = {
			isa = XCBuildConfiguration;
			buildSettings = {
				ASSETCATALOG_COMPILER_APPICON_NAME = AppIcon;
				ASSETCATALOG_COMPILER_GLOBAL_ACCENT_COLOR_NAME = AccentColor;
				CODE_SIGN_STYLE = Automatic;
				CURRENT_PROJECT_VERSION = 1;
				GENERATE_INFOPLIST_FILE = YES;
				INFOPLIST_FILE = BestRecipe/Info.plist;
				INFOPLIST_KEY_UIApplicationSupportsIndirectInputEvents = YES;
				INFOPLIST_KEY_UILaunchStoryboardName = LaunchScreen;
				INFOPLIST_KEY_UISupportedInterfaceOrientations_iPad = "UIInterfaceOrientationPortrait UIInterfaceOrientationPortraitUpsideDown UIInterfaceOrientationLandscapeLeft UIInterfaceOrientationLandscapeRight";
				INFOPLIST_KEY_UISupportedInterfaceOrientations_iPhone = "UIInterfaceOrientationPortrait UIInterfaceOrientationLandscapeLeft UIInterfaceOrientationLandscapeRight";
				LD_RUNPATH_SEARCH_PATHS = (
					"$(inherited)",
					"@executable_path/Frameworks",
				);
				MARKETING_VERSION = 1.0;
				PRODUCT_BUNDLE_IDENTIFIER = BManuchehri.BestRecipe;
				PRODUCT_NAME = "$(TARGET_NAME)";
				SUPPORTED_PLATFORMS = "iphoneos iphonesimulator";
				SUPPORTS_MACCATALYST = NO;
				SUPPORTS_MAC_DESIGNED_FOR_IPHONE_IPAD = NO;
				SUPPORTS_XR_DESIGNED_FOR_IPHONE_IPAD = NO;
				SWIFT_EMIT_LOC_STRINGS = YES;
				SWIFT_VERSION = 5.0;
				TARGETED_DEVICE_FAMILY = 1;
			};
			name = Release;
		};
		573DD3E92E4FA460002C552F /* Debug */ = {
			isa = XCBuildConfiguration;
			buildSettings = {
				ALWAYS_SEARCH_USER_PATHS = NO;
				ASSETCATALOG_COMPILER_GENERATE_SWIFT_ASSET_SYMBOL_EXTENSIONS = YES;
				CLANG_ANALYZER_NONNULL = YES;
				CLANG_ANALYZER_NUMBER_OBJECT_CONVERSION = YES_AGGRESSIVE;
				CLANG_CXX_LANGUAGE_STANDARD = "gnu++20";
				CLANG_ENABLE_MODULES = YES;
				CLANG_ENABLE_OBJC_ARC = YES;
				CLANG_ENABLE_OBJC_WEAK = YES;
				CLANG_WARN_BLOCK_CAPTURE_AUTORELEASING = YES;
				CLANG_WARN_BOOL_CONVERSION = YES;
				CLANG_WARN_COMMA = YES;
				CLANG_WARN_CONSTANT_CONVERSION = YES;
				CLANG_WARN_DEPRECATED_OBJC_IMPLEMENTATIONS = YES;
				CLANG_WARN_DIRECT_OBJC_ISA_USAGE = YES_ERROR;
				CLANG_WARN_DOCUMENTATION_COMMENTS = YES;
				CLANG_WARN_EMPTY_BODY = YES;
				CLANG_WARN_ENUM_CONVERSION = YES;
				CLANG_WARN_INFINITE_RECURSION = YES;
				CLANG_WARN_INT_CONVERSION = YES;
				CLANG_WARN_NON_LITERAL_NULL_CONVERSION = YES;
				CLANG_WARN_OBJC_IMPLICIT_RETAIN_SELF = YES;
				CLANG_WARN_OBJC_LITERAL_CONVERSION = YES;
				CLANG_WARN_OBJC_ROOT_CLASS = YES_ERROR;
				CLANG_WARN_QUOTED_INCLUDE_IN_FRAMEWORK_HEADER = YES;
				CLANG_WARN_RANGE_LOOP_ANALYSIS = YES;
				CLANG_WARN_STRICT_PROTOTYPES = YES;
				CLANG_WARN_SUSPICIOUS_MOVE = YES;
				CLANG_WARN_UNGUARDED_AVAILABILITY = YES_AGGRESSIVE;
				CLANG_WARN_UNREACHABLE_CODE = YES;
				CLANG_WARN__DUPLICATE_METHOD_MATCH = YES;
				COPY_PHASE_STRIP = NO;
				DEBUG_INFORMATION_FORMAT = dwarf;
				ENABLE_STRICT_OBJC_MSGSEND = YES;
				ENABLE_TESTABILITY = YES;
				ENABLE_USER_SCRIPT_SANDBOXING = YES;
				GCC_C_LANGUAGE_STANDARD = gnu17;
				GCC_DYNAMIC_NO_PIC = NO;
				GCC_NO_COMMON_BLOCKS = YES;
				GCC_OPTIMIZATION_LEVEL = 0;
				GCC_PREPROCESSOR_DEFINITIONS = (
					"DEBUG=1",
					"$(inherited)",
				);
				GCC_WARN_64_TO_32_BIT_CONVERSION = YES;
				GCC_WARN_ABOUT_RETURN_TYPE = YES_ERROR;
				GCC_WARN_UNDECLARED_SELECTOR = YES;
				GCC_WARN_UNINITIALIZED_AUTOS = YES_AGGRESSIVE;
				GCC_WARN_UNUSED_FUNCTION = YES;
				GCC_WARN_UNUSED_VARIABLE = YES;
				IPHONEOS_DEPLOYMENT_TARGET = 18.5;
				LOCALIZATION_PREFERS_STRING_CATALOGS = YES;
				MTL_ENABLE_DEBUG_INFO = INCLUDE_SOURCE;
				MTL_FAST_MATH = YES;
				ONLY_ACTIVE_ARCH = YES;
				SDKROOT = iphoneos;
				SWIFT_ACTIVE_COMPILATION_CONDITIONS = "DEBUG $(inherited)";
				SWIFT_OPTIMIZATION_LEVEL = "-Onone";
			};
			name = Debug;
		};
		573DD3EA2E4FA460002C552F /* Release */ = {
			isa = XCBuildConfiguration;
			buildSettings = {
				ALWAYS_SEARCH_USER_PATHS = NO;
				ASSETCATALOG_COMPILER_GENERATE_SWIFT_ASSET_SYMBOL_EXTENSIONS = YES;
				CLANG_ANALYZER_NONNULL = YES;
				CLANG_ANALYZER_NUMBER_OBJECT_CONVERSION = YES_AGGRESSIVE;
				CLANG_CXX_LANGUAGE_STANDARD = "gnu++20";
				CLANG_ENABLE_MODULES = YES;
				CLANG_ENABLE_OBJC_ARC = YES;
				CLANG_ENABLE_OBJC_WEAK = YES;
				CLANG_WARN_BLOCK_CAPTURE_AUTORELEASING = YES;
				CLANG_WARN_BOOL_CONVERSION = YES;
				CLANG_WARN_COMMA = YES;
				CLANG_WARN_CONSTANT_CONVERSION = YES;
				CLANG_WARN_DEPRECATED_OBJC_IMPLEMENTATIONS = YES;
				CLANG_WARN_DIRECT_OBJC_ISA_USAGE = YES_ERROR;
				CLANG_WARN_DOCUMENTATION_COMMENTS = YES;
				CLANG_WARN_EMPTY_BODY = YES;
				CLANG_WARN_ENUM_CONVERSION = YES;
				CLANG_WARN_INFINITE_RECURSION = YES;
				CLANG_WARN_INT_CONVERSION = YES;
				CLANG_WARN_NON_LITERAL_NULL_CONVERSION = YES;
				CLANG_WARN_OBJC_IMPLICIT_RETAIN_SELF = YES;
				CLANG_WARN_OBJC_LITERAL_CONVERSION = YES;
				CLANG_WARN_OBJC_ROOT_CLASS = YES_ERROR;
				CLANG_WARN_QUOTED_INCLUDE_IN_FRAMEWORK_HEADER = YES;
				CLANG_WARN_RANGE_LOOP_ANALYSIS = YES;
				CLANG_WARN_STRICT_PROTOTYPES = YES;
				CLANG_WARN_SUSPICIOUS_MOVE = YES;
				CLANG_WARN_UNGUARDED_AVAILABILITY = YES_AGGRESSIVE;
				CLANG_WARN_UNREACHABLE_CODE = YES;
				CLANG_WARN__DUPLICATE_METHOD_MATCH = YES;
				COPY_PHASE_STRIP = NO;
				DEBUG_INFORMATION_FORMAT = "dwarf-with-dsym";
				ENABLE_NS_ASSERTIONS = NO;
				ENABLE_STRICT_OBJC_MSGSEND = YES;
				ENABLE_USER_SCRIPT_SANDBOXING = YES;
				GCC_C_LANGUAGE_STANDARD = gnu17;
				GCC_NO_COMMON_BLOCKS = YES;
				GCC_WARN_64_TO_32_BIT_CONVERSION = YES;
				GCC_WARN_ABOUT_RETURN_TYPE = YES_ERROR;
				GCC_WARN_UNDECLARED_SELECTOR = YES;
				GCC_WARN_UNINITIALIZED_AUTOS = YES_AGGRESSIVE;
				GCC_WARN_UNUSED_FUNCTION = YES;
				GCC_WARN_UNUSED_VARIABLE = YES;
				IPHONEOS_DEPLOYMENT_TARGET = 18.5;
				LOCALIZATION_PREFERS_STRING_CATALOGS = YES;
				MTL_ENABLE_DEBUG_INFO = NO;
				MTL_FAST_MATH = YES;
				SDKROOT = iphoneos;
				SWIFT_COMPILATION_MODE = wholemodule;
				VALIDATE_PRODUCT = YES;
			};
			name = Release;
		};
		573DD3EC2E4FA460002C552F /* Debug */ = {
			isa = XCBuildConfiguration;
			buildSettings = {
				BUNDLE_LOADER = "$(TEST_HOST)";
				CODE_SIGN_STYLE = Automatic;
				CURRENT_PROJECT_VERSION = 1;
				GENERATE_INFOPLIST_FILE = YES;
				IPHONEOS_DEPLOYMENT_TARGET = 18.5;
				MARKETING_VERSION = 1.0;
				PRODUCT_BUNDLE_IDENTIFIER = BManuchehri.BestRecipeTests;
				PRODUCT_NAME = "$(TARGET_NAME)";
				SWIFT_EMIT_LOC_STRINGS = NO;
				SWIFT_VERSION = 5.0;
				TARGETED_DEVICE_FAMILY = "1,2";
				TEST_HOST = "$(BUILT_PRODUCTS_DIR)/BestRecipe.app/$(BUNDLE_EXECUTABLE_FOLDER_PATH)/BestRecipe";
			};
			name = Debug;
		};
		573DD3ED2E4FA460002C552F /* Release */ = {
			isa = XCBuildConfiguration;
			buildSettings = {
				BUNDLE_LOADER = "$(TEST_HOST)";
				CODE_SIGN_STYLE = Automatic;
				CURRENT_PROJECT_VERSION = 1;
				GENERATE_INFOPLIST_FILE = YES;
				IPHONEOS_DEPLOYMENT_TARGET = 18.5;
				MARKETING_VERSION = 1.0;
				PRODUCT_BUNDLE_IDENTIFIER = BManuchehri.BestRecipeTests;
				PRODUCT_NAME = "$(TARGET_NAME)";
				SWIFT_EMIT_LOC_STRINGS = NO;
				SWIFT_VERSION = 5.0;
				TARGETED_DEVICE_FAMILY = "1,2";
				TEST_HOST = "$(BUILT_PRODUCTS_DIR)/BestRecipe.app/$(BUNDLE_EXECUTABLE_FOLDER_PATH)/BestRecipe";
			};
			name = Release;
		};
		573DD3EF2E4FA460002C552F /* Debug */ = {
			isa = XCBuildConfiguration;
			buildSettings = {
				CODE_SIGN_STYLE = Automatic;
				CURRENT_PROJECT_VERSION = 1;
				GENERATE_INFOPLIST_FILE = YES;
				MARKETING_VERSION = 1.0;
				PRODUCT_BUNDLE_IDENTIFIER = BManuchehri.BestRecipeUITests;
				PRODUCT_NAME = "$(TARGET_NAME)";
				SWIFT_EMIT_LOC_STRINGS = NO;
				SWIFT_VERSION = 5.0;
				TARGETED_DEVICE_FAMILY = "1,2";
				TEST_TARGET_NAME = BestRecipe;
			};
			name = Debug;
		};
		573DD3F02E4FA460002C552F /* Release */ = {
			isa = XCBuildConfiguration;
			buildSettings = {
				CODE_SIGN_STYLE = Automatic;
				CURRENT_PROJECT_VERSION = 1;
				GENERATE_INFOPLIST_FILE = YES;
				MARKETING_VERSION = 1.0;
				PRODUCT_BUNDLE_IDENTIFIER = BManuchehri.BestRecipeUITests;
				PRODUCT_NAME = "$(TARGET_NAME)";
				SWIFT_EMIT_LOC_STRINGS = NO;
				SWIFT_VERSION = 5.0;
				TARGETED_DEVICE_FAMILY = "1,2";
				TEST_TARGET_NAME = BestRecipe;
			};
			name = Release;
		};
/* End XCBuildConfiguration section */

/* Begin XCConfigurationList section */
		573DD3B82E4FA45E002C552F /* Build configuration list for PBXProject "BestRecipe" */ = {
			isa = XCConfigurationList;
			buildConfigurations = (
				573DD3E92E4FA460002C552F /* Debug */,
				573DD3EA2E4FA460002C552F /* Release */,
			);
			defaultConfigurationIsVisible = 0;
			defaultConfigurationName = Release;
		};
		573DD3E62E4FA460002C552F /* Build configuration list for PBXNativeTarget "BestRecipe" */ = {
			isa = XCConfigurationList;
			buildConfigurations = (
				573DD3E72E4FA460002C552F /* Debug */,
				573DD3E82E4FA460002C552F /* Release */,
			);
			defaultConfigurationIsVisible = 0;
			defaultConfigurationName = Release;
		};
		573DD3EB2E4FA460002C552F /* Build configuration list for PBXNativeTarget "BestRecipeTests" */ = {
			isa = XCConfigurationList;
			buildConfigurations = (
				573DD3EC2E4FA460002C552F /* Debug */,
				573DD3ED2E4FA460002C552F /* Release */,
			);
			defaultConfigurationIsVisible = 0;
			defaultConfigurationName = Release;
		};
		573DD3EE2E4FA460002C552F /* Build configuration list for PBXNativeTarget "BestRecipeUITests" */ = {
			isa = XCConfigurationList;
			buildConfigurations = (
				573DD3EF2E4FA460002C552F /* Debug */,
				573DD3F02E4FA460002C552F /* Release */,
			);
			defaultConfigurationIsVisible = 0;
			defaultConfigurationName = Release;
		};
/* End XCConfigurationList section */
	};
	rootObject = 573DD3B52E4FA45E002C552F /* Project object */;
}
